
Microsoft Visual Studio Solution File, Format Version 12.00
# Visual Studio Version 16
VisualStudioVersion = 16.0.30907.101
MinimumVisualStudioVersion = 10.0.40219.1
Project("{9A19103F-16F7-4668-BE54-9A1E7A4F7556}") = "Carrefour.Tests", "Carrefour.Tests\Carrefour.Tests.csproj", "{B81ED049-8A8D-42B0-8DDD-BBCCF0A2FED9}"
EndProject
Project("{9A19103F-16F7-4668-BE54-9A1E7A4F7556}") = "Carrefour", "CarrefourSupermarket\Carrefour.csproj", "{A71A75E0-488A-4D0C-9133-F4EB58E00E66}"
EndProject
Project("{2150E333-8FDC-42A3-9474-1A3956D46DE8}") = "Solution Items", "Solution Items", "{DE57E55B-38A1-4285-A7BB-02132E4A4C10}"
	ProjectSection(SolutionItems) = preProject
		Readme.md = Readme.md
	EndProjectSection
EndProject
Global
	GlobalSection(SolutionConfigurationPlatforms) = preSolution
		Debug|Any CPU = Debug|Any CPU
		Release|Any CPU = Release|Any CPU
	EndGlobalSection
	GlobalSection(ProjectConfigurationPlatforms) = postSolution
		{B81ED049-8A8D-42B0-8DDD-BBCCF0A2FED9}.Debug|Any CPU.ActiveCfg = Debug|Any CPU
		{B81ED049-8A8D-42B0-8DDD-BBCCF0A2FED9}.Debug|Any CPU.Build.0 = Debug|Any CPU
		{B81ED049-8A8D-42B0-8DDD-BBCCF0A2FED9}.Release|Any CPU.ActiveCfg = Release|Any CPU
		{B81ED049-8A8D-42B0-8DDD-BBCCF0A2FED9}.Release|Any CPU.Build.0 = Release|Any CPU
		{A71A75E0-488A-4D0C-9133-F4EB58E00E66}.Debug|Any CPU.ActiveCfg = Debug|Any CPU
		{A71A75E0-488A-4D0C-9133-F4EB58E00E66}.Debug|Any CPU.Build.0 = Debug|Any CPU
		{A71A75E0-488A-4D0C-9133-F4EB58E00E66}.Release|Any CPU.ActiveCfg = Release|Any CPU
		{A71A75E0-488A-4D0C-9133-F4EB58E00E66}.Release|Any CPU.Build.0 = Release|Any CPU
	EndGlobalSection
	GlobalSection(SolutionProperties) = preSolution
		HideSolutionNode = FALSE
	EndGlobalSection
	GlobalSection(ExtensibilityGlobals) = postSolution
		SolutionGuid = {02C1D0BE-EA85-44AC-85F6-8D8324A3ADE6}
	EndGlobalSection
EndGlobal
